
Microsoft Visual Studio Solution File, Format Version 12.00
# Visual Studio Version 16
VisualStudioVersion = 16.0.30517.126
MinimumVisualStudioVersion = 10.0.40219.1
Project("{9A19103F-16F7-4668-BE54-9A1E7A4F7556}") = "PostgreSQL_Playground", "PostgreSQL_Playground.csproj", "{97D2B5CF-A2E7-48EB-BA24-9ECA83F988A2}"
EndProject
Project("{FAE04EC0-301F-11D3-BF4B-00C04F79EFBC}") = "DataAccessLayer", "..\DataAccessLayer\DataAccessLayer.csproj", "{8C09F125-345E-4BB7-A7D5-12904E833A12}"
EndProject
Project("{FAE04EC0-301F-11D3-BF4B-00C04F79EFBC}") = "BusinessLayer", "..\BusinessLayer\BusinessLayer.csproj", "{01506A71-6633-4836-922E-D54A5E48E114}"
EndProject
Project("{FAE04EC0-301F-11D3-BF4B-00C04F79EFBC}") = "Core", "..\Core\Core.csproj", "{A2918A67-023E-4A63-9294-2D7D0F0C3BD9}"
EndProject
Global
	GlobalSection(SolutionConfigurationPlatforms) = preSolution
		Debug|Any CPU = Debug|Any CPU
		Release|Any CPU = Release|Any CPU
	EndGlobalSection
	GlobalSection(ProjectConfigurationPlatforms) = postSolution
		{97D2B5CF-A2E7-48EB-BA24-9ECA83F988A2}.Debug|Any CPU.ActiveCfg = Debug|Any CPU
		{97D2B5CF-A2E7-48EB-BA24-9ECA83F988A2}.Debug|Any CPU.Build.0 = Debug|Any CPU
		{97D2B5CF-A2E7-48EB-BA24-9ECA83F988A2}.Release|Any CPU.ActiveCfg = Release|Any CPU
		{97D2B5CF-A2E7-48EB-BA24-9ECA83F988A2}.Release|Any CPU.Build.0 = Release|Any CPU
		{8C09F125-345E-4BB7-A7D5-12904E833A12}.Debug|Any CPU.ActiveCfg = Debug|Any CPU
		{8C09F125-345E-4BB7-A7D5-12904E833A12}.Debug|Any CPU.Build.0 = Debug|Any CPU
		{8C09F125-345E-4BB7-A7D5-12904E833A12}.Release|Any CPU.ActiveCfg = Release|Any CPU
		{8C09F125-345E-4BB7-A7D5-12904E833A12}.Release|Any CPU.Build.0 = Release|Any CPU
		{01506A71-6633-4836-922E-D54A5E48E114}.Debug|Any CPU.ActiveCfg = Debug|Any CPU
		{01506A71-6633-4836-922E-D54A5E48E114}.Debug|Any CPU.Build.0 = Debug|Any CPU
		{01506A71-6633-4836-922E-D54A5E48E114}.Release|Any CPU.ActiveCfg = Release|Any CPU
		{01506A71-6633-4836-922E-D54A5E48E114}.Release|Any CPU.Build.0 = Release|Any CPU
		{A2918A67-023E-4A63-9294-2D7D0F0C3BD9}.Debug|Any CPU.ActiveCfg = Debug|Any CPU
		{A2918A67-023E-4A63-9294-2D7D0F0C3BD9}.Debug|Any CPU.Build.0 = Debug|Any CPU
		{A2918A67-023E-4A63-9294-2D7D0F0C3BD9}.Release|Any CPU.ActiveCfg = Release|Any CPU
		{A2918A67-023E-4A63-9294-2D7D0F0C3BD9}.Release|Any CPU.Build.0 = Release|Any CPU
	EndGlobalSection
	GlobalSection(SolutionProperties) = preSolution
		HideSolutionNode = FALSE
	EndGlobalSection
	GlobalSection(ExtensibilityGlobals) = postSolution
		SolutionGuid = {1EF14CF2-F7A5-4612-8806-229AD914E30A}
	EndGlobalSection
EndGlobal
